
Microsoft Visual Studio Solution File, Format Version 12.00
# Visual Studio Version 17
VisualStudioVersion = 17.2.32616.157
MinimumVisualStudioVersion = 10.0.40219.1
Project("{FAE04EC0-301F-11D3-BF4B-00C04F79EFBC}") = "inmobiscosts", "inmobiscosts\inmobiscosts.csproj", "{09270FF9-301A-4153-B94F-9D455B9C4294}"
EndProject
Global
	GlobalSection(SolutionConfigurationPlatforms) = preSolution
		Debug|Any CPU = Debug|Any CPU
		Release|Any CPU = Release|Any CPU
	EndGlobalSection
	GlobalSection(ProjectConfigurationPlatforms) = postSolution
		{09270FF9-301A-4153-B94F-9D455B9C4294}.Debug|Any CPU.ActiveCfg = Debug|Any CPU
		{09270FF9-301A-4153-B94F-9D455B9C4294}.Debug|Any CPU.Build.0 = Debug|Any CPU
		{09270FF9-301A-4153-B94F-9D455B9C4294}.Release|Any CPU.ActiveCfg = Release|Any CPU
		{09270FF9-301A-4153-B94F-9D455B9C4294}.Release|Any CPU.Build.0 = Release|Any CPU
	EndGlobalSection
	GlobalSection(SolutionProperties) = preSolution
		HideSolutionNode = FALSE
	EndGlobalSection
	GlobalSection(ExtensibilityGlobals) = postSolution
		SolutionGuid = {484F93D7-BA4F-44DA-80DE-9ED1FC4681B6}
	EndGlobalSection
EndGlobal
